lockfileVersion: '9.0'

settings:
  autoInstallPeers: true
  excludeLinksFromLockfile: false

importers:

  .:
    devDependencies:
      '@tsconfig/svelte':
        specifier: ^5.0.4
        version: 5.0.4
      '@vue/tsconfig':
        specifier: ^0.7.0
        version: 0.7.0(typescript@5.8.3)
      typescript:
        specifier: ^5.8.3
        version: 5.8.3

packages:

  '@tsconfig/svelte@5.0.4':
    resolution: {integrity: sha512-BV9NplVgLmSi4mwKzD8BD/NQ8erOY/nUE/GpgWe2ckx+wIQF5RyRirn/QsSSCPeulVpc3RA/iJt6DpfTIZps0Q==}

  '@vue/tsconfig@0.7.0':
    resolution: {integrity: sha512-ku2uNz5MaZ9IerPPUyOHzyjhXoX2kVJaVf7hL315DC17vS6IiZRmmCPfggNbU16QTvM80+uYYy3eYJB59WCtvg==}
    peerDependencies:
      typescript: 5.x
      vue: ^3.4.0
    peerDependenciesMeta:
      typescript:
        optional: true
      vue:
        optional: true

  typescript@5.8.3:
    resolution: {integrity: sha512-p1diW6TqL9L07nNxvRMM7hMMw4c5XOo/1ibL4aAIGmSAt9slTE1Xgw5KWuof2uTOvCg9BY7ZRi+GaF+7sfgPeQ==}
    engines: {node: '>=14.17'}
    hasBin: true

snapshots:

  '@tsconfig/svelte@5.0.4': {}

  '@vue/tsconfig@0.7.0(typescript@5.8.3)':
    optionalDependencies:
      typescript: 5.8.3

  typescript@5.8.3: {}
